// !$*UTF8*$!
{
	archiveVersion = 1;
	classes = {
	};
	objectVersion = 48;
	objects = {

/* Begin PBXBuildFile section */
		844389051FB4FFBD008E9343 /* AppDelegate.swift in Sources */ = {isa = PBXBuildFile; fileRef = 844389041FB4FFBD008E9343 /* AppDelegate.swift */; };
		844389071FB4FFBD008E9343 /* ViewController.swift in Sources */ = {isa = PBXBuildFile; fileRef = 844389061FB4FFBD008E9343 /* ViewController.swift */; };
		8443890A1FB4FFBD008E9343 /* Main.storyboard in Resources */ = {isa = PBXBuildFile; fileRef = 844389081FB4FFBD008E9343 /* Main.storyboard */; };
		8443890D1FB4FFBD008E9343 /* BinaryCounter.xcdatamodeld in Sources */ = {isa = PBXBuildFile; fileRef = 8443890B1FB4FFBD008E9343 /* BinaryCounter.xcdatamodeld */; };
		8443890F1FB4FFBD008E9343 /* Assets.xcassets in Resources */ = {isa = PBXBuildFile; fileRef = 8443890E1FB4FFBD008E9343 /* Assets.xcassets */; };
		844389121FB4FFBD008E9343 /* LaunchScreen.storyboard in Resources */ = {isa = PBXBuildFile; fileRef = 844389101FB4FFBD008E9343 /* LaunchScreen.storyboard */; };
		8443891D1FB4FFBD008E9343 /* BinaryCounterTests.swift in Sources */ = {isa = PBXBuildFile; fileRef = 8443891C1FB4FFBD008E9343 /* BinaryCounterTests.swift */; };
		844389281FB4FFBD008E9343 /* BinaryCounterUITests.swift in Sources */ = {isa = PBXBuildFile; fileRef = 844389271FB4FFBD008E9343 /* BinaryCounterUITests.swift */; };
		844389361FB500FB008E9343 /* BinaryCounterViewCell.swift in Sources */ = {isa = PBXBuildFile; fileRef = 844389351FB500FB008E9343 /* BinaryCounterViewCell.swift */; };
/* End PBXBuildFile section */

/* Begin PBXContainerItemProxy section */
		844389191FB4FFBD008E9343 /* PBXContainerItemProxy */ = {
			isa = PBXContainerItemProxy;
			containerPortal = 844388F91FB4FFBD008E9343 /* Project object */;
			proxyType = 1;
			remoteGlobalIDString = 844389001FB4FFBD008E9343;
			remoteInfo = BinaryCounter;
		};
		844389241FB4FFBD008E9343 /* PBXContainerItemProxy */ = {
			isa = PBXContainerItemProxy;
			containerPortal = 844388F91FB4FFBD008E9343 /* Project object */;
			proxyType = 1;
			remoteGlobalIDString = 844389001FB4FFBD008E9343;
			remoteInfo = BinaryCounter;
		};
/* End PBXContainerItemProxy section */

/* Begin PBXFileReference section */
		844389011FB4FFBD008E9343 /* BinaryCounter.app */ = {isa = PBXFileReference; explicitFileType = wrapper.application; includeInIndex = 0; path = BinaryCounter.app; sourceTree = BUILT_PRODUCTS_DIR; };
		844389041FB4FFBD008E9343 /* AppDelegate.swift */ = {isa = PBXFileReference; lastKnownFileType = sourcecode.swift; path = AppDelegate.swift; sourceTree = "<group>"; };
		844389061FB4FFBD008E9343 /* ViewController.swift */ = {isa = PBXFileReference; lastKnownFileType = sourcecode.swift; path = ViewController.swift; sourceTree = "<group>"; };
		844389091FB4FFBD008E9343 /* Base */ = {isa = PBXFileReference; lastKnownFileType = file.storyboard; name = Base; path = Base.lproj/Main.storyboard; sourceTree = "<group>"; };
		8443890C1FB4FFBD008E9343 /* BinaryCounter.xcdatamodel */ = {isa = PBXFileReference; lastKnownFileType = wrapper.xcdatamodel; path = BinaryCounter.xcdatamodel; sourceTree = "<group>"; };
		8443890E1FB4FFBD008E9343 /* Assets.xcassets */ = {isa = PBXFileReference; lastKnownFileType = folder.assetcatalog; path = Assets.xcassets; sourceTree = "<group>"; };
		844389111FB4FFBD008E9343 /* Base */ = {isa = PBXFileReference; lastKnownFileType = file.storyboard; name = Base; path = Base.lproj/LaunchScreen.storyboard; sourceTree = "<group>"; };
		844389131FB4FFBD008E9343 /* Info.plist */ = {isa = PBXFileReference; lastKnownFileType = text.plist.xml; path = Info.plist; sourceTree = "<group>"; };
		844389181FB4FFBD008E9343 /* BinaryCounterTests.xctest */ = {isa = PBXFileReference; explicitFileType = wrapper.cfbundle; includeInIndex = 0; path = BinaryCounterTests.xctest; sourceTree = BUILT_PRODUCTS_DIR; };
		8443891C1FB4FFBD008E9343 /* BinaryCounterTests.swift */ = {isa = PBXFileReference; lastKnownFileType = sourcecode.swift; path = BinaryCounterTests.swift; sourceTree = "<group>"; };
		8443891E1FB4FFBD008E9343 /* Info.plist */ = {isa = PBXFileReference; lastKnownFileType = text.plist.xml; path = Info.plist; sourceTree = "<group>"; };
		844389231FB4FFBD008E9343 /* BinaryCounterUITests.xctest */ = {isa = PBXFileReference; explicitFileType = wrapper.cfbundle; includeInIndex = 0; path = BinaryCounterUITests.xctest; sourceTree = BUILT_PRODUCTS_DIR; };
		844389271FB4FFBD008E9343 /* BinaryCounterUITests.swift */ = {isa = PBXFileReference; lastKnownFileType = sourcecode.swift; path = BinaryCounterUITests.swift; sourceTree = "<group>"; };
		844389291FB4FFBD008E9343 /* Info.plist */ = {isa = PBXFileReference; lastKnownFileType = text.plist.xml; path = Info.plist; sourceTree = "<group>"; };
		844389351FB500FB008E9343 /* BinaryCounterViewCell.swift */ = {isa = PBXFileReference; lastKnownFileType = sourcecode.swift; path = BinaryCounterViewCell.swift; sourceTree = "<group>"; };
/* End PBXFileReference section */

/* Begin PBXFrameworksBuildPhase section */
		844388FE1FB4FFBD008E9343 /* Frameworks */ = {
			isa = PBXFrameworksBuildPhase;
			buildActionMask = 2147483647;
			files = (
			);
			runOnlyForDeploymentPostprocessing = 0;
		};
		844389151FB4FFBD008E9343 /* Frameworks */ = {
			isa = PBXFrameworksBuildPhase;
			buildActionMask = 2147483647;
			files = (
			);
			runOnlyForDeploymentPostprocessing = 0;
		};
		844389201FB4FFBD008E9343 /* Frameworks */ = {
			isa = PBXFrameworksBuildPhase;
			buildActionMask = 2147483647;
			files = (
			);
			runOnlyForDeploymentPostprocessing = 0;
		};
/* End PBXFrameworksBuildPhase section */

/* Begin PBXGroup section */
		844388F81FB4FFBD008E9343 = {
			isa = PBXGroup;
			children = (
				844389031FB4FFBD008E9343 /* BinaryCounter */,
				8443891B1FB4FFBD008E9343 /* BinaryCounterTests */,
				844389261FB4FFBD008E9343 /* BinaryCounterUITests */,
				844389021FB4FFBD008E9343 /* Products */,
			);
			sourceTree = "<group>";
		};
		844389021FB4FFBD008E9343 /* Products */ = {
			isa = PBXGroup;
			children = (
				844389011FB4FFBD008E9343 /* BinaryCounter.app */,
				844389181FB4FFBD008E9343 /* BinaryCounterTests.xctest */,
				844389231FB4FFBD008E9343 /* BinaryCounterUITests.xctest */,
			);
			name = Products;
			sourceTree = "<group>";
		};
		844389031FB4FFBD008E9343 /* BinaryCounter */ = {
			isa = PBXGroup;
			children = (
				844389041FB4FFBD008E9343 /* AppDelegate.swift */,
				844389061FB4FFBD008E9343 /* ViewController.swift */,
				844389081FB4FFBD008E9343 /* Main.storyboard */,
				844389351FB500FB008E9343 /* BinaryCounterViewCell.swift */,
				8443890E1FB4FFBD008E9343 /* Assets.xcassets */,
				844389101FB4FFBD008E9343 /* LaunchScreen.storyboard */,
				844389131FB4FFBD008E9343 /* Info.plist */,
				8443890B1FB4FFBD008E9343 /* BinaryCounter.xcdatamodeld */,
			);
			path = BinaryCounter;
			sourceTree = "<group>";
		};
		8443891B1FB4FFBD008E9343 /* BinaryCounterTests */ = {
			isa = PBXGroup;
			children = (
				8443891C1FB4FFBD008E9343 /* BinaryCounterTests.swift */,
				8443891E1FB4FFBD008E9343 /* Info.plist */,
			);
			path = BinaryCounterTests;
			sourceTree = "<group>";
		};
		844389261FB4FFBD008E9343 /* BinaryCounterUITests */ = {
			isa = PBXGroup;
			children = (
				844389271FB4FFBD008E9343 /* BinaryCounterUITests.swift */,
				844389291FB4FFBD008E9343 /* Info.plist */,
			);
			path = BinaryCounterUITests;
			sourceTree = "<group>";
		};
/* End PBXGroup section */

/* Begin PBXNativeTarget section */
		844389001FB4FFBD008E9343 /* BinaryCounter */ = {
			isa = PBXNativeTarget;
			buildConfigurationList = 8443892C1FB4FFBD008E9343 /* Build configuration list for PBXNativeTarget "BinaryCounter" */;
			buildPhases = (
				844388FD1FB4FFBD008E9343 /* Sources */,
				844388FE1FB4FFBD008E9343 /* Frameworks */,
				844388FF1FB4FFBD008E9343 /* Resources */,
			);
			buildRules = (
			);
			dependencies = (
			);
			name = BinaryCounter;
			productName = BinaryCounter;
			productReference = 844389011FB4FFBD008E9343 /* BinaryCounter.app */;
			productType = "com.apple.product-type.application";
		};
		844389171FB4FFBD008E9343 /* BinaryCounterTests */ = {
			isa = PBXNativeTarget;
			buildConfigurationList = 8443892F1FB4FFBD008E9343 /* Build configuration list for PBXNativeTarget "BinaryCounterTests" */;
			buildPhases = (
				844389141FB4FFBD008E9343 /* Sources */,
				844389151FB4FFBD008E9343 /* Frameworks */,
				844389161FB4FFBD008E9343 /* Resources */,
			);
			buildRules = (
			);
			dependencies = (
				8443891A1FB4FFBD008E9343 /* PBXTargetDependency */,
			);
			name = BinaryCounterTests;
			productName = BinaryCounterTests;
			productReference = 844389181FB4FFBD008E9343 /* BinaryCounterTests.xctest */;
			productType = "com.apple.product-type.bundle.unit-test";
		};
		844389221FB4FFBD008E9343 /* BinaryCounterUITests */ = {
			isa = PBXNativeTarget;
			buildConfigurationList = 844389321FB4FFBD008E9343 /* Build configuration list for PBXNativeTarget "BinaryCounterUITests" */;
			buildPhases = (
				8443891F1FB4FFBD008E9343 /* Sources */,
				844389201FB4FFBD008E9343 /* Frameworks */,
				844389211FB4FFBD008E9343 /* Resources */,
			);
			buildRules = (
			);
			dependencies = (
				844389251FB4FFBD008E9343 /* PBXTargetDependency */,
			);
			name = BinaryCounterUITests;
			productName = BinaryCounterUITests;
			productReference = 844389231FB4FFBD008E9343 /* BinaryCounterUITests.xctest */;
			productType = "com.apple.product-type.bundle.ui-testing";
		};
/* End PBXNativeTarget section */

/* Begin PBXProject section */
		844388F91FB4FFBD008E9343 /* Project object */ = {
			isa = PBXProject;
			attributes = {
				LastSwiftUpdateCheck = 0900;
				LastUpgradeCheck = 0900;
				ORGANIZATIONNAME = Admin;
				TargetAttributes = {
					844389001FB4FFBD008E9343 = {
						CreatedOnToolsVersion = 9.0.1;
						ProvisioningStyle = Automatic;
					};
					844389171FB4FFBD008E9343 = {
						CreatedOnToolsVersion = 9.0.1;
						ProvisioningStyle = Automatic;
						TestTargetID = 844389001FB4FFBD008E9343;
					};
					844389221FB4FFBD008E9343 = {
						CreatedOnToolsVersion = 9.0.1;
						ProvisioningStyle = Automatic;
						TestTargetID = 844389001FB4FFBD008E9343;
					};
				};
			};
			buildConfigurationList = 844388FC1FB4FFBD008E9343 /* Build configuration list for PBXProject "BinaryCounter" */;
			compatibilityVersion = "Xcode 8.0";
			developmentRegion = en;
			hasScannedForEncodings = 0;
			knownRegions = (
				en,
				Base,
			);
			mainGroup = 844388F81FB4FFBD008E9343;
			productRefGroup = 844389021FB4FFBD008E9343 /* Products */;
			projectDirPath = "";
			projectRoot = "";
			targets = (
				844389001FB4FFBD008E9343 /* BinaryCounter */,
				844389171FB4FFBD008E9343 /* BinaryCounterTests */,
				844389221FB4FFBD008E9343 /* BinaryCounterUITests */,
			);
		};
/* End PBXProject section */

/* Begin PBXResourcesBuildPhase section */
		844388FF1FB4FFBD008E9343 /* Resources */ = {
			isa = PBXResourcesBuildPhase;
			buildActionMask = 2147483647;
			files = (
				844389121FB4FFBD008E9343 /* LaunchScreen.storyboard in Resources */,
				8443890F1FB4FFBD008E9343 /* Assets.xcassets in Resources */,
				8443890A1FB4FFBD008E9343 /* Main.storyboard in Resources */,
			);
			runOnlyForDeploymentPostprocessing = 0;
		};
		844389161FB4FFBD008E9343 /* Resources */ = {
			isa = PBXResourcesBuildPhase;
			buildActionMask = 2147483647;
			files = (
			);
			runOnlyForDeploymentPostprocessing = 0;
		};
		844389211FB4FFBD008E9343 /* Resources */ = {
			isa = PBXResourcesBuildPhase;
			buildActionMask = 2147483647;
			files = (
			);
			runOnlyForDeploymentPostprocessing = 0;
		};
/* End PBXResourcesBuildPhase section */

/* Begin PBXSourcesBuildPhase section */
		844388FD1FB4FFBD008E9343 /* Sources */ = {
			isa = PBXSourcesBuildPhase;
			buildActionMask = 2147483647;
			files = (
				8443890D1FB4FFBD008E9343 /* BinaryCounter.xcdatamodeld in Sources */,
				844389071FB4FFBD008E9343 /* ViewController.swift in Sources */,
				844389361FB500FB008E9343 /* BinaryCounterViewCell.swift in Sources */,
				844389051FB4FFBD008E9343 /* AppDelegate.swift in Sources */,
			);
			runOnlyForDeploymentPostprocessing = 0;
		};
		844389141FB4FFBD008E9343 /* Sources */ = {
			isa = PBXSourcesBuildPhase;
			buildActionMask = 2147483647;
			files = (
				8443891D1FB4FFBD008E9343 /* BinaryCounterTests.swift in Sources */,
			);
			runOnlyForDeploymentPostprocessing = 0;
		};
		8443891F1FB4FFBD008E9343 /* Sources */ = {
			isa = PBXSourcesBuildPhase;
			buildActionMask = 2147483647;
			files = (
				844389281FB4FFBD008E9343 /* BinaryCounterUITests.swift in Sources */,
			);
			runOnlyForDeploymentPostprocessing = 0;
		};
/* End PBXSourcesBuildPhase section */

/* Begin PBXTargetDependency section */
		8443891A1FB4FFBD008E9343 /* PBXTargetDependency */ = {
			isa = PBXTargetDependency;
			target = 844389001FB4FFBD008E9343 /* BinaryCounter */;
			targetProxy = 844389191FB4FFBD008E9343 /* PBXContainerItemProxy */;
		};
		844389251FB4FFBD008E9343 /* PBXTargetDependency */ = {
			isa = PBXTargetDependency;
			target = 844389001FB4FFBD008E9343 /* BinaryCounter */;
			targetProxy = 844389241FB4FFBD008E9343 /* PBXContainerItemProxy */;
		};
/* End PBXTargetDependency section */

/* Begin PBXVariantGroup section */
		844389081FB4FFBD008E9343 /* Main.storyboard */ = {
			isa = PBXVariantGroup;
			children = (
				844389091FB4FFBD008E9343 /* Base */,
			);
			name = Main.storyboard;
			sourceTree = "<group>";
		};
		844389101FB4FFBD008E9343 /* LaunchScreen.storyboard */ = {
			isa = PBXVariantGroup;
			children = (
				844389111FB4FFBD008E9343 /* Base */,
			);
			name = LaunchScreen.storyboard;
			sourceTree = "<group>";
		};
/* End PBXVariantGroup section */

/* Begin XCBuildConfiguration section */
		8443892A1FB4FFBD008E9343 /* Debug */ = {
			isa = XCBuildConfiguration;
			buildSettings = {
				ALWAYS_SEARCH_USER_PATHS = NO;
				CLANG_ANALYZER_NONNULL = YES;
				CLANG_ANALYZER_NUMBER_OBJECT_CONVERSION = YES_AGGRESSIVE;
				CLANG_CXX_LANGUAGE_STANDARD = "gnu++14";
				CLANG_CXX_LIBRARY = "libc++";
				CLANG_ENABLE_MODULES = YES;
				CLANG_ENABLE_OBJC_ARC = YES;
				CLANG_WARN_BLOCK_CAPTURE_AUTORELEASING = YES;
				CLANG_WARN_BOOL_CONVERSION = YES;
				CLANG_WARN_COMMA = YES;
				CLANG_WARN_CONSTANT_CONVERSION = YES;
				CLANG_WARN_DIRECT_OBJC_ISA_USAGE = YES_ERROR;
				CLANG_WARN_DOCUMENTATION_COMMENTS = YES;
				CLANG_WARN_EMPTY_BODY = YES;
				CLANG_WARN_ENUM_CONVERSION = YES;
				CLANG_WARN_INFINITE_RECURSION = YES;
				CLANG_WARN_INT_CONVERSION = YES;
				CLANG_WARN_NON_LITERAL_NULL_CONVERSION = YES;
				CLANG_WARN_OBJC_LITERAL_CONVERSION = YES;
				CLANG_WARN_OBJC_ROOT_CLASS = YES_ERROR;
				CLANG_WARN_RANGE_LOOP_ANALYSIS = YES;
				CLANG_WARN_STRICT_PROTOTYPES = YES;
				CLANG_WARN_SUSPICIOUS_MOVE = YES;
				CLANG_WARN_UNGUARDED_AVAILABILITY = YES_AGGRESSIVE;
				CLANG_WARN_UNREACHABLE_CODE = YES;
				CLANG_WARN__DUPLICATE_METHOD_MATCH = YES;
				CODE_SIGN_IDENTITY = "iPhone Developer";
				COPY_PHASE_STRIP = NO;
				DEBUG_INFORMATION_FORMAT = dwarf;
				ENABLE_STRICT_OBJC_MSGSEND = YES;
				ENABLE_TESTABILITY = YES;
				GCC_C_LANGUAGE_STANDARD = gnu11;
				GCC_DYNAMIC_NO_PIC = NO;
				GCC_NO_COMMON_BLOCKS = YES;
				GCC_OPTIMIZATION_LEVEL = 0;
				GCC_PREPROCESSOR_DEFINITIONS = (
					"DEBUG=1",
					"$(inherited)",
				);
				GCC_WARN_64_TO_32_BIT_CONVERSION = YES;
				GCC_WARN_ABOUT_RETURN_TYPE = YES_ERROR;
				GCC_WARN_UNDECLARED_SELECTOR = YES;
				GCC_WARN_UNINITIALIZED_AUTOS = YES_AGGRESSIVE;
				GCC_WARN_UNUSED_FUNCTION = YES;
				GCC_WARN_UNUSED_VARIABLE = YES;
				IPHONEOS_DEPLOYMENT_TARGET = 11.0;
				MTL_ENABLE_DEBUG_INFO = YES;
				ONLY_ACTIVE_ARCH = YES;
				SDKROOT = iphoneos;
				SWIFT_ACTIVE_COMPILATION_CONDITIONS = DEBUG;
				SWIFT_OPTIMIZATION_LEVEL = "-Onone";
			};
			name = Debug;
		};
		8443892B1FB4FFBD008E9343 /* Release */ = {
			isa = XCBuildConfiguration;
			buildSettings = {
				ALWAYS_SEARCH_USER_PATHS = NO;
				CLANG_ANALYZER_NONNULL = YES;
				CLANG_ANALYZER_NUMBER_OBJECT_CONVERSION = YES_AGGRESSIVE;
				CLANG_CXX_LANGUAGE_STANDARD = "gnu++14";
				CLANG_CXX_LIBRARY = "libc++";
				CLANG_ENABLE_MODULES = YES;
				CLANG_ENABLE_OBJC_ARC = YES;
				CLANG_WARN_BLOCK_CAPTURE_AUTORELEASING = YES;
				CLANG_WARN_BOOL_CONVERSION = YES;
				CLANG_WARN_COMMA = YES;
				CLANG_WARN_CONSTANT_CONVERSION = YES;
				CLANG_WARN_DIRECT_OBJC_ISA_USAGE = YES_ERROR;
				CLANG_WARN_DOCUMENTATION_COMMENTS = YES;
				CLANG_WARN_EMPTY_BODY = YES;
				CLANG_WARN_ENUM_CONVERSION = YES;
				CLANG_WARN_INFINITE_RECURSION = YES;
				CLANG_WARN_INT_CONVERSION = YES;
				CLANG_WARN_NON_LITERAL_NULL_CONVERSION = YES;
				CLANG_WARN_OBJC_LITERAL_CONVERSION = YES;
				CLANG_WARN_OBJC_ROOT_CLASS = YES_ERROR;
				CLANG_WARN_RANGE_LOOP_ANALYSIS = YES;
				CLANG_WARN_STRICT_PROTOTYPES = YES;
				CLANG_WARN_SUSPICIOUS_MOVE = YES;
				CLANG_WARN_UNGUARDED_AVAILABILITY = YES_AGGRESSIVE;
				CLANG_WARN_UNREACHABLE_CODE = YES;
				CLANG_WARN__DUPLICATE_METHOD_MATCH = YES;
				CODE_SIGN_IDENTITY = "iPhone Developer";
				COPY_PHASE_STRIP = NO;
				DEBUG_INFORMATION_FORMAT = "dwarf-with-dsym";
				ENABLE_NS_ASSERTIONS = NO;
				ENABLE_STRICT_OBJC_MSGSEND = YES;
				GCC_C_LANGUAGE_STANDARD = gnu11;
				GCC_NO_COMMON_BLOCKS = YES;
				GCC_WARN_64_TO_32_BIT_CONVERSION = YES;
				GCC_WARN_ABOUT_RETURN_TYPE = YES_ERROR;
				GCC_WARN_UNDECLARED_SELECTOR = YES;
				GCC_WARN_UNINITIALIZED_AUTOS = YES_AGGRESSIVE;
				GCC_WARN_UNUSED_FUNCTION = YES;
				GCC_WARN_UNUSED_VARIABLE = YES;
				IPHONEOS_DEPLOYMENT_TARGET = 11.0;
				MTL_ENABLE_DEBUG_INFO = NO;
				SDKROOT = iphoneos;
				SWIFT_OPTIMIZATION_LEVEL = "-Owholemodule";
				VALIDATE_PRODUCT = YES;
			};
			name = Release;
		};
		8443892D1FB4FFBD008E9343 /* Debug */ = {
			isa = XCBuildConfiguration;
			buildSettings = {
				ASSETCATALOG_COMPILER_APPICON_NAME = AppIcon;
				CODE_SIGN_STYLE = Automatic;
				DEVELOPMENT_TEAM = UW4L9B5JK4;
				INFOPLIST_FILE = BinaryCounter/Info.plist;
				LD_RUNPATH_SEARCH_PATHS = "$(inherited) @executable_path/Frameworks";
				PRODUCT_BUNDLE_IDENTIFIER = dojo.BinaryCounter;
				PRODUCT_NAME = "$(TARGET_NAME)";
				SWIFT_VERSION = 4.0;
				TARGETED_DEVICE_FAMILY = "1,2";
			};
			name = Debug;
		};
		8443892E1FB4FFBD008E9343 /* Release */ = {
			isa = XCBuildConfiguration;
			buildSettings = {
				ASSETCATALOG_COMPILER_APPICON_NAME = AppIcon;
				CODE_SIGN_STYLE = Automatic;
				DEVELOPMENT_TEAM = UW4L9B5JK4;
				INFOPLIST_FILE = BinaryCounter/Info.plist;
				LD_RUNPATH_SEARCH_PATHS = "$(inherited) @executable_path/Frameworks";
				PRODUCT_BUNDLE_IDENTIFIER = dojo.BinaryCounter;
				PRODUCT_NAME = "$(TARGET_NAME)";
				SWIFT_VERSION = 4.0;
				TARGETED_DEVICE_FAMILY = "1,2";
			};
			name = Release;
		};
		844389301FB4FFBD008E9343 /* Debug */ = {
			isa = XCBuildConfiguration;
			buildSettings = {
				ALWAYS_EMBED_SWIFT_STANDARD_LIBRARIES = YES;
				BUNDLE_LOADER = "$(TEST_HOST)";
				CODE_SIGN_STYLE = Automatic;
				DEVELOPMENT_TEAM = UW4L9B5JK4;
				INFOPLIST_FILE = BinaryCounterTests/Info.plist;
				LD_RUNPATH_SEARCH_PATHS = "$(inherited) @executable_path/Frameworks @loader_path/Frameworks";
				PRODUCT_BUNDLE_IDENTIFIER = dojo.BinaryCounterTests;
				PRODUCT_NAME = "$(TARGET_NAME)";
				SWIFT_VERSION = 4.0;
				TARGETED_DEVICE_FAMILY = "1,2";
				TEST_HOST = "$(BUILT_PRODUCTS_DIR)/BinaryCounter.app/BinaryCounter";
			};
			name = Debug;
		};
		844389311FB4FFBD008E9343 /* Release */ = {
			isa = XCBuildConfiguration;
			buildSettings = {
				ALWAYS_EMBED_SWIFT_STANDARD_LIBRARIES = YES;
				BUNDLE_LOADER = "$(TEST_HOST)";
				CODE_SIGN_STYLE = Automatic;
				DEVELOPMENT_TEAM = UW4L9B5JK4;
				INFOPLIST_FILE = BinaryCounterTests/Info.plist;
				LD_RUNPATH_SEARCH_PATHS = "$(inherited) @executable_path/Frameworks @loader_path/Frameworks";
				PRODUCT_BUNDLE_IDENTIFIER = dojo.BinaryCounterTests;
				PRODUCT_NAME = "$(TARGET_NAME)";
				SWIFT_VERSION = 4.0;
				TARGETED_DEVICE_FAMILY = "1,2";
				TEST_HOST = "$(BUILT_PRODUCTS_DIR)/BinaryCounter.app/BinaryCounter";
			};
			name = Release;
		};
		844389331FB4FFBD008E9343 /* Debug */ = {
			isa = XCBuildConfiguration;
			buildSettings = {
				ALWAYS_EMBED_SWIFT_STANDARD_LIBRARIES = YES;
				CODE_SIGN_STYLE = Automatic;
				DEVELOPMENT_TEAM = UW4L9B5JK4;
				INFOPLIST_FILE = BinaryCounterUITests/Info.plist;
				LD_RUNPATH_SEARCH_PATHS = "$(inherited) @executable_path/Frameworks @loader_path/Frameworks";
				PRODUCT_BUNDLE_IDENTIFIER = dojo.BinaryCounterUITests;
				PRODUCT_NAME = "$(TARGET_NAME)";
				SWIFT_VERSION = 4.0;
				TARGETED_DEVICE_FAMILY = "1,2";
				TEST_TARGET_NAME = BinaryCounter;
			};
			name = Debug;
		};
		844389341FB4FFBD008E9343 /* Release */ = {
			isa = XCBuildConfiguration;
			buildSettings = {
				ALWAYS_EMBED_SWIFT_STANDARD_LIBRARIES = YES;
				CODE_SIGN_STYLE = Automatic;
				DEVELOPMENT_TEAM = UW4L9B5JK4;
				INFOPLIST_FILE = BinaryCounterUITests/Info.plist;
				LD_RUNPATH_SEARCH_PATHS = "$(inherited) @executable_path/Frameworks @loader_path/Frameworks";
				PRODUCT_BUNDLE_IDENTIFIER = dojo.BinaryCounterUITests;
				PRODUCT_NAME = "$(TARGET_NAME)";
				SWIFT_VERSION = 4.0;
				TARGETED_DEVICE_FAMILY = "1,2";
				TEST_TARGET_NAME = BinaryCounter;
			};
			name = Release;
		};
/* End XCBuildConfiguration section */

/* Begin XCConfigurationList section */
		844388FC1FB4FFBD008E9343 /* Build configuration list for PBXProject "BinaryCounter" */ = {
			isa = XCConfigurationList;
			buildConfigurations = (
				8443892A1FB4FFBD008E9343 /* Debug */,
				8443892B1FB4FFBD008E9343 /* Release */,
			);
			defaultConfigurationIsVisible = 0;
			defaultConfigurationName = Release;
		};
		8443892C1FB4FFBD008E9343 /* Build configuration list for PBXNativeTarget "BinaryCounter" */ = {
			isa = XCConfigurationList;
			buildConfigurations = (
				8443892D1FB4FFBD008E9343 /* Debug */,
				8443892E1FB4FFBD008E9343 /* Release */,
			);
			defaultConfigurationIsVisible = 0;
			defaultConfigurationName = Release;
		};
		8443892F1FB4FFBD008E9343 /* Build configuration list for PBXNativeTarget "BinaryCounterTests" */ = {
			isa = XCConfigurationList;
			buildConfigurations = (
				844389301FB4FFBD008E9343 /* Debug */,
				844389311FB4FFBD008E9343 /* Release */,
			);
			defaultConfigurationIsVisible = 0;
			defaultConfigurationName = Release;
		};
		844389321FB4FFBD008E9343 /* Build configuration list for PBXNativeTarget "BinaryCounterUITests" */ = {
			isa = XCConfigurationList;
			buildConfigurations = (
				844389331FB4FFBD008E9343 /* Debug */,
				844389341FB4FFBD008E9343 /* Release */,
			);
			defaultConfigurationIsVisible = 0;
			defaultConfigurationName = Release;
		};
/* End XCConfigurationList section */

/* Begin XCVersionGroup section */
		8443890B1FB4FFBD008E9343 /* BinaryCounter.xcdatamodeld */ = {
			isa = XCVersionGroup;
			children = (
				8443890C1FB4FFBD008E9343 /* BinaryCounter.xcdatamodel */,
			);
			currentVersion = 8443890C1FB4FFBD008E9343 /* BinaryCounter.xcdatamodel */;
			path = BinaryCounter.xcdatamodeld;
			sourceTree = "<group>";
			versionGroupType = wrapper.xcdatamodel;
		};
/* End XCVersionGroup section */
	};
	rootObject = 844388F91FB4FFBD008E9343 /* Project object */;
}
